// !$*UTF8*$!
{
	archiveVersion = 1;
	classes = {
	};
	objectVersion = 50;
	objects = {

/* Begin PBXBuildFile section */
		3E9F2F2C27969CD400DA6883 /* AppDelegate.swift in Sources */ = {isa = PBXBuildFile; fileRef = 3E9F2F2B27969CD400DA6883 /* AppDelegate.swift */; };
		3E9F2F2E27969CD400DA6883 /* SceneDelegate.swift in Sources */ = {isa = PBXBuildFile; fileRef = 3E9F2F2D27969CD400DA6883 /* SceneDelegate.swift */; };
		3E9F2F3027969CD400DA6883 /* ViewController.swift in Sources */ = {isa = PBXBuildFile; fileRef = 3E9F2F2F27969CD400DA6883 /* ViewController.swift */; };
		3E9F2F3327969CD400DA6883 /* Main.storyboard in Resources */ = {isa = PBXBuildFile; fileRef = 3E9F2F3127969CD400DA6883 /* Main.storyboard */; };
		3E9F2F3627969CD400DA6883 /* Powerapp_reactor.xcdatamodeld in Sources */ = {isa = PBXBuildFile; fileRef = 3E9F2F3427969CD400DA6883 /* Powerapp_reactor.xcdatamodeld */; };
		3E9F2F3827969CD600DA6883 /* Assets.xcassets in Resources */ = {isa = PBXBuildFile; fileRef = 3E9F2F3727969CD600DA6883 /* Assets.xcassets */; };
		3E9F2F3B27969CD600DA6883 /* LaunchScreen.storyboard in Resources */ = {isa = PBXBuildFile; fileRef = 3E9F2F3927969CD600DA6883 /* LaunchScreen.storyboard */; };
		3E9F2F4627969CD700DA6883 /* Powerapp_reactorTests.swift in Sources */ = {isa = PBXBuildFile; fileRef = 3E9F2F4527969CD700DA6883 /* Powerapp_reactorTests.swift */; };
		3E9F2F5127969CD700DA6883 /* Powerapp_reactorUITests.swift in Sources */ = {isa = PBXBuildFile; fileRef = 3E9F2F5027969CD700DA6883 /* Powerapp_reactorUITests.swift */; };
/* End PBXBuildFile section */

/* Begin PBXContainerItemProxy section */
		3E9F2F4227969CD700DA6883 /* PBXContainerItemProxy */ = {
			isa = PBXContainerItemProxy;
			containerPortal = 3E9F2F2027969CD400DA6883 /* Project object */;
			proxyType = 1;
			remoteGlobalIDString = 3E9F2F2727969CD400DA6883;
			remoteInfo = Powerapp_reactor;
		};
		3E9F2F4D27969CD700DA6883 /* PBXContainerItemProxy */ = {
			isa = PBXContainerItemProxy;
			containerPortal = 3E9F2F2027969CD400DA6883 /* Project object */;
			proxyType = 1;
			remoteGlobalIDString = 3E9F2F2727969CD400DA6883;
			remoteInfo = Powerapp_reactor;
		};
/* End PBXContainerItemProxy section */

/* Begin PBXFileReference section */
		3E9F2F2827969CD400DA6883 /* Powerapp_reactor.app */ = {isa = PBXFileReference; explicitFileType = wrapper.application; includeInIndex = 0; path = Powerapp_reactor.app; sourceTree = BUILT_PRODUCTS_DIR; };
		3E9F2F2B27969CD400DA6883 /* AppDelegate.swift */ = {isa = PBXFileReference; lastKnownFileType = sourcecode.swift; path = AppDelegate.swift; sourceTree = "<group>"; };
		3E9F2F2D27969CD400DA6883 /* SceneDelegate.swift */ = {isa = PBXFileReference; lastKnownFileType = sourcecode.swift; path = SceneDelegate.swift; sourceTree = "<group>"; };
		3E9F2F2F27969CD400DA6883 /* ViewController.swift */ = {isa = PBXFileReference; lastKnownFileType = sourcecode.swift; path = ViewController.swift; sourceTree = "<group>"; };
		3E9F2F3227969CD400DA6883 /* Base */ = {isa = PBXFileReference; lastKnownFileType = file.storyboard; name = Base; path = Base.lproj/Main.storyboard; sourceTree = "<group>"; };
		3E9F2F3527969CD400DA6883 /* Powerapp_reactor.xcdatamodel */ = {isa = PBXFileReference; lastKnownFileType = wrapper.xcdatamodel; path = Powerapp_reactor.xcdatamodel; sourceTree = "<group>"; };
		3E9F2F3727969CD600DA6883 /* Assets.xcassets */ = {isa = PBXFileReference; lastKnownFileType = folder.assetcatalog; path = Assets.xcassets; sourceTree = "<group>"; };
		3E9F2F3A27969CD600DA6883 /* Base */ = {isa = PBXFileReference; lastKnownFileType = file.storyboard; name = Base; path = Base.lproj/LaunchScreen.storyboard; sourceTree = "<group>"; };
		3E9F2F3C27969CD600DA6883 /* Info.plist */ = {isa = PBXFileReference; lastKnownFileType = text.plist.xml; path = Info.plist; sourceTree = "<group>"; };
		3E9F2F4127969CD700DA6883 /* Powerapp_reactorTests.xctest */ = {isa = PBXFileReference; explicitFileType = wrapper.cfbundle; includeInIndex = 0; path = Powerapp_reactorTests.xctest; sourceTree = BUILT_PRODUCTS_DIR; };
		3E9F2F4527969CD700DA6883 /* Powerapp_reactorTests.swift */ = {isa = PBXFileReference; lastKnownFileType = sourcecode.swift; path = Powerapp_reactorTests.swift; sourceTree = "<group>"; };
		3E9F2F4727969CD700DA6883 /* Info.plist */ = {isa = PBXFileReference; lastKnownFileType = text.plist.xml; path = Info.plist; sourceTree = "<group>"; };
		3E9F2F4C27969CD700DA6883 /* Powerapp_reactorUITests.xctest */ = {isa = PBXFileReference; explicitFileType = wrapper.cfbundle; includeInIndex = 0; path = Powerapp_reactorUITests.xctest; sourceTree = BUILT_PRODUCTS_DIR; };
		3E9F2F5027969CD700DA6883 /* Powerapp_reactorUITests.swift */ = {isa = PBXFileReference; lastKnownFileType = sourcecode.swift; path = Powerapp_reactorUITests.swift; sourceTree = "<group>"; };
		3E9F2F5227969CD700DA6883 /* Info.plist */ = {isa = PBXFileReference; lastKnownFileType = text.plist.xml; path = Info.plist; sourceTree = "<group>"; };
/* End PBXFileReference section */

/* Begin PBXFrameworksBuildPhase section */
		3E9F2F2527969CD400DA6883 /* Frameworks */ = {
			isa = PBXFrameworksBuildPhase;
			buildActionMask = 2147483647;
			files = (
			);
			runOnlyForDeploymentPostprocessing = 0;
		};
		3E9F2F3E27969CD700DA6883 /* Frameworks */ = {
			isa = PBXFrameworksBuildPhase;
			buildActionMask = 2147483647;
			files = (
			);
			runOnlyForDeploymentPostprocessing = 0;
		};
		3E9F2F4927969CD700DA6883 /* Frameworks */ = {
			isa = PBXFrameworksBuildPhase;
			buildActionMask = 2147483647;
			files = (
			);
			runOnlyForDeploymentPostprocessing = 0;
		};
/* End PBXFrameworksBuildPhase section */

/* Begin PBXGroup section */
		3E9F2F1F27969CD400DA6883 = {
			isa = PBXGroup;
			children = (
				3E9F2F2A27969CD400DA6883 /* Powerapp_reactor */,
				3E9F2F4427969CD700DA6883 /* Powerapp_reactorTests */,
				3E9F2F4F27969CD700DA6883 /* Powerapp_reactorUITests */,
				3E9F2F2927969CD400DA6883 /* Products */,
			);
			sourceTree = "<group>";
		};
		3E9F2F2927969CD400DA6883 /* Products */ = {
			isa = PBXGroup;
			children = (
				3E9F2F2827969CD400DA6883 /* Powerapp_reactor.app */,
				3E9F2F4127969CD700DA6883 /* Powerapp_reactorTests.xctest */,
				3E9F2F4C27969CD700DA6883 /* Powerapp_reactorUITests.xctest */,
			);
			name = Products;
			sourceTree = "<group>";
		};
		3E9F2F2A27969CD400DA6883 /* Powerapp_reactor */ = {
			isa = PBXGroup;
			children = (
				3E9F2F2B27969CD400DA6883 /* AppDelegate.swift */,
				3E9F2F2D27969CD400DA6883 /* SceneDelegate.swift */,
				3E9F2F2F27969CD400DA6883 /* ViewController.swift */,
				3E9F2F3127969CD400DA6883 /* Main.storyboard */,
				3E9F2F3727969CD600DA6883 /* Assets.xcassets */,
				3E9F2F3927969CD600DA6883 /* LaunchScreen.storyboard */,
				3E9F2F3C27969CD600DA6883 /* Info.plist */,
				3E9F2F3427969CD400DA6883 /* Powerapp_reactor.xcdatamodeld */,
			);
			path = Powerapp_reactor;
			sourceTree = "<group>";
		};
		3E9F2F4427969CD700DA6883 /* Powerapp_reactorTests */ = {
			isa = PBXGroup;
			children = (
				3E9F2F4527969CD700DA6883 /* Powerapp_reactorTests.swift */,
				3E9F2F4727969CD700DA6883 /* Info.plist */,
			);
			path = Powerapp_reactorTests;
			sourceTree = "<group>";
		};
		3E9F2F4F27969CD700DA6883 /* Powerapp_reactorUITests */ = {
			isa = PBXGroup;
			children = (
				3E9F2F5027969CD700DA6883 /* Powerapp_reactorUITests.swift */,
				3E9F2F5227969CD700DA6883 /* Info.plist */,
			);
			path = Powerapp_reactorUITests;
			sourceTree = "<group>";
		};
/* End PBXGroup section */

/* Begin PBXNativeTarget section */
		3E9F2F2727969CD400DA6883 /* Powerapp_reactor */ = {
			isa = PBXNativeTarget;
			buildConfigurationList = 3E9F2F5527969CD700DA6883 /* Build configuration list for PBXNativeTarget "Powerapp_reactor" */;
			buildPhases = (
				3E9F2F2427969CD400DA6883 /* Sources */,
				3E9F2F2527969CD400DA6883 /* Frameworks */,
				3E9F2F2627969CD400DA6883 /* Resources */,
			);
			buildRules = (
			);
			dependencies = (
			);
			name = Powerapp_reactor;
			productName = Powerapp_reactor;
			productReference = 3E9F2F2827969CD400DA6883 /* Powerapp_reactor.app */;
			productType = "com.apple.product-type.application";
		};
		3E9F2F4027969CD700DA6883 /* Powerapp_reactorTests */ = {
			isa = PBXNativeTarget;
			buildConfigurationList = 3E9F2F5827969CD700DA6883 /* Build configuration list for PBXNativeTarget "Powerapp_reactorTests" */;
			buildPhases = (
				3E9F2F3D27969CD700DA6883 /* Sources */,
				3E9F2F3E27969CD700DA6883 /* Frameworks */,
				3E9F2F3F27969CD700DA6883 /* Resources */,
			);
			buildRules = (
			);
			dependencies = (
				3E9F2F4327969CD700DA6883 /* PBXTargetDependency */,
			);
			name = Powerapp_reactorTests;
			productName = Powerapp_reactorTests;
			productReference = 3E9F2F4127969CD700DA6883 /* Powerapp_reactorTests.xctest */;
			productType = "com.apple.product-type.bundle.unit-test";
		};
		3E9F2F4B27969CD700DA6883 /* Powerapp_reactorUITests */ = {
			isa = PBXNativeTarget;
			buildConfigurationList = 3E9F2F5B27969CD700DA6883 /* Build configuration list for PBXNativeTarget "Powerapp_reactorUITests" */;
			buildPhases = (
				3E9F2F4827969CD700DA6883 /* Sources */,
				3E9F2F4927969CD700DA6883 /* Frameworks */,
				3E9F2F4A27969CD700DA6883 /* Resources */,
			);
			buildRules = (
			);
			dependencies = (
				3E9F2F4E27969CD700DA6883 /* PBXTargetDependency */,
			);
			name = Powerapp_reactorUITests;
			productName = Powerapp_reactorUITests;
			productReference = 3E9F2F4C27969CD700DA6883 /* Powerapp_reactorUITests.xctest */;
			productType = "com.apple.product-type.bundle.ui-testing";
		};
/* End PBXNativeTarget section */

/* Begin PBXProject section */
		3E9F2F2027969CD400DA6883 /* Project object */ = {
			isa = PBXProject;
			attributes = {
				LastSwiftUpdateCheck = 1200;
				LastUpgradeCheck = 1200;
				TargetAttributes = {
					3E9F2F2727969CD400DA6883 = {
						CreatedOnToolsVersion = 12.0;
					};
					3E9F2F4027969CD700DA6883 = {
						CreatedOnToolsVersion = 12.0;
						TestTargetID = 3E9F2F2727969CD400DA6883;
					};
					3E9F2F4B27969CD700DA6883 = {
						CreatedOnToolsVersion = 12.0;
						TestTargetID = 3E9F2F2727969CD400DA6883;
					};
				};
			};
			buildConfigurationList = 3E9F2F2327969CD400DA6883 /* Build configuration list for PBXProject "Powerapp_reactor" */;
			compatibilityVersion = "Xcode 9.3";
			developmentRegion = en;
			hasScannedForEncodings = 0;
			knownRegions = (
				en,
				Base,
			);
			mainGroup = 3E9F2F1F27969CD400DA6883;
			productRefGroup = 3E9F2F2927969CD400DA6883 /* Products */;
			projectDirPath = "";
			projectRoot = "";
			targets = (
				3E9F2F2727969CD400DA6883 /* Powerapp_reactor */,
				3E9F2F4027969CD700DA6883 /* Powerapp_reactorTests */,
				3E9F2F4B27969CD700DA6883 /* Powerapp_reactorUITests */,
			);
		};
/* End PBXProject section */

/* Begin PBXResourcesBuildPhase section */
		3E9F2F2627969CD400DA6883 /* Resources */ = {
			isa = PBXResourcesBuildPhase;
			buildActionMask = 2147483647;
			files = (
				3E9F2F3B27969CD600DA6883 /* LaunchScreen.storyboard in Resources */,
				3E9F2F3827969CD600DA6883 /* Assets.xcassets in Resources */,
				3E9F2F3327969CD400DA6883 /* Main.storyboard in Resources */,
			);
			runOnlyForDeploymentPostprocessing = 0;
		};
		3E9F2F3F27969CD700DA6883 /* Resources */ = {
			isa = PBXResourcesBuildPhase;
			buildActionMask = 2147483647;
			files = (
			);
			runOnlyForDeploymentPostprocessing = 0;
		};
		3E9F2F4A27969CD700DA6883 /* Resources */ = {
			isa = PBXResourcesBuildPhase;
			buildActionMask = 2147483647;
			files = (
			);
			runOnlyForDeploymentPostprocessing = 0;
		};
/* End PBXResourcesBuildPhase section */

/* Begin PBXSourcesBuildPhase section */
		3E9F2F2427969CD400DA6883 /* Sources */ = {
			isa = PBXSourcesBuildPhase;
			buildActionMask = 2147483647;
			files = (
				3E9F2F3027969CD400DA6883 /* ViewController.swift in Sources */,
				3E9F2F2C27969CD400DA6883 /* AppDelegate.swift in Sources */,
				3E9F2F3627969CD400DA6883 /* Powerapp_reactor.xcdatamodeld in Sources */,
				3E9F2F2E27969CD400DA6883 /* SceneDelegate.swift in Sources */,
			);
			runOnlyForDeploymentPostprocessing = 0;
		};
		3E9F2F3D27969CD700DA6883 /* Sources */ = {
			isa = PBXSourcesBuildPhase;
			buildActionMask = 2147483647;
			files = (
				3E9F2F4627969CD700DA6883 /* Powerapp_reactorTests.swift in Sources */,
			);
			runOnlyForDeploymentPostprocessing = 0;
		};
		3E9F2F4827969CD700DA6883 /* Sources */ = {
			isa = PBXSourcesBuildPhase;
			buildActionMask = 2147483647;
			files = (
				3E9F2F5127969CD700DA6883 /* Powerapp_reactorUITests.swift in Sources */,
			);
			runOnlyForDeploymentPostprocessing = 0;
		};
/* End PBXSourcesBuildPhase section */

/* Begin PBXTargetDependency section */
		3E9F2F4327969CD700DA6883 /* PBXTargetDependency */ = {
			isa = PBXTargetDependency;
			target = 3E9F2F2727969CD400DA6883 /* Powerapp_reactor */;
			targetProxy = 3E9F2F4227969CD700DA6883 /* PBXContainerItemProxy */;
		};
		3E9F2F4E27969CD700DA6883 /* PBXTargetDependency */ = {
			isa = PBXTargetDependency;
			target = 3E9F2F2727969CD400DA6883 /* Powerapp_reactor */;
			targetProxy = 3E9F2F4D27969CD700DA6883 /* PBXContainerItemProxy */;
		};
/* End PBXTargetDependency section */

/* Begin PBXVariantGroup section */
		3E9F2F3127969CD400DA6883 /* Main.storyboard */ = {
			isa = PBXVariantGroup;
			children = (
				3E9F2F3227969CD400DA6883 /* Base */,
			);
			name = Main.storyboard;
			sourceTree = "<group>";
		};
		3E9F2F3927969CD600DA6883 /* LaunchScreen.storyboard */ = {
			isa = PBXVariantGroup;
			children = (
				3E9F2F3A27969CD600DA6883 /* Base */,
			);
			name = LaunchScreen.storyboard;
			sourceTree = "<group>";
		};
/* End PBXVariantGroup section */

/* Begin XCBuildConfiguration section */
		3E9F2F5327969CD700DA6883 /* Debug */ = {
			isa = XCBuildConfiguration;
			buildSettings = {
				ALWAYS_SEARCH_USER_PATHS = NO;
				CLANG_ANALYZER_NONNULL = YES;
				CLANG_ANALYZER_NUMBER_OBJECT_CONVERSION = YES_AGGRESSIVE;
				CLANG_CXX_LANGUAGE_STANDARD = "gnu++14";
				CLANG_CXX_LIBRARY = "libc++";
				CLANG_ENABLE_MODULES = YES;
				CLANG_ENABLE_OBJC_ARC = YES;
				CLANG_ENABLE_OBJC_WEAK = YES;
				CLANG_WARN_BLOCK_CAPTURE_AUTORELEASING = YES;
				CLANG_WARN_BOOL_CONVERSION = YES;
				CLANG_WARN_COMMA = YES;
				CLANG_WARN_CONSTANT_CONVERSION = YES;
				CLANG_WARN_DEPRECATED_OBJC_IMPLEMENTATIONS = YES;
				CLANG_WARN_DIRECT_OBJC_ISA_USAGE = YES_ERROR;
				CLANG_WARN_DOCUMENTATION_COMMENTS = YES;
				CLANG_WARN_EMPTY_BODY = YES;
				CLANG_WARN_ENUM_CONVERSION = YES;
				CLANG_WARN_INFINITE_RECURSION = YES;
				CLANG_WARN_INT_CONVERSION = YES;
				CLANG_WARN_NON_LITERAL_NULL_CONVERSION = YES;
				CLANG_WARN_OBJC_IMPLICIT_RETAIN_SELF = YES;
				CLANG_WARN_OBJC_LITERAL_CONVERSION = YES;
				CLANG_WARN_OBJC_ROOT_CLASS = YES_ERROR;
				CLANG_WARN_QUOTED_INCLUDE_IN_FRAMEWORK_HEADER = YES;
				CLANG_WARN_RANGE_LOOP_ANALYSIS = YES;
				CLANG_WARN_STRICT_PROTOTYPES = YES;
				CLANG_WARN_SUSPICIOUS_MOVE = YES;
				CLANG_WARN_UNGUARDED_AVAILABILITY = YES_AGGRESSIVE;
				CLANG_WARN_UNREACHABLE_CODE = YES;
				CLANG_WARN__DUPLICATE_METHOD_MATCH = YES;
				COPY_PHASE_STRIP = NO;
				DEBUG_INFORMATION_FORMAT = dwarf;
				ENABLE_STRICT_OBJC_MSGSEND = YES;
				ENABLE_TESTABILITY = YES;
				GCC_C_LANGUAGE_STANDARD = gnu11;
				GCC_DYNAMIC_NO_PIC = NO;
				GCC_NO_COMMON_BLOCKS = YES;
				GCC_OPTIMIZATION_LEVEL = 0;
				GCC_PREPROCESSOR_DEFINITIONS = (
					"DEBUG=1",
					"$(inherited)",
				);
				GCC_WARN_64_TO_32_BIT_CONVERSION = YES;
				GCC_WARN_ABOUT_RETURN_TYPE = YES_ERROR;
				GCC_WARN_UNDECLARED_SELECTOR = YES;
				GCC_WARN_UNINITIALIZED_AUTOS = YES_AGGRESSIVE;
				GCC_WARN_UNUSED_FUNCTION = YES;
				GCC_WARN_UNUSED_VARIABLE = YES;
				IPHONEOS_DEPLOYMENT_TARGET = 14.0;
				MTL_ENABLE_DEBUG_INFO = INCLUDE_SOURCE;
				MTL_FAST_MATH = YES;
				ONLY_ACTIVE_ARCH = YES;
				SDKROOT = iphoneos;
				SWIFT_ACTIVE_COMPILATION_CONDITIONS = DEBUG;
				SWIFT_OPTIMIZATION_LEVEL = "-Onone";
			};
			name = Debug;
		};
		3E9F2F5427969CD700DA6883 /* Release */ = {
			isa = XCBuildConfiguration;
			buildSettings = {
				ALWAYS_SEARCH_USER_PATHS = NO;
				CLANG_ANALYZER_NONNULL = YES;
				CLANG_ANALYZER_NUMBER_OBJECT_CONVERSION = YES_AGGRESSIVE;
				CLANG_CXX_LANGUAGE_STANDARD = "gnu++14";
				CLANG_CXX_LIBRARY = "libc++";
				CLANG_ENABLE_MODULES = YES;
				CLANG_ENABLE_OBJC_ARC = YES;
				CLANG_ENABLE_OBJC_WEAK = YES;
				CLANG_WARN_BLOCK_CAPTURE_AUTORELEASING = YES;
				CLANG_WARN_BOOL_CONVERSION = YES;
				CLANG_WARN_COMMA = YES;
				CLANG_WARN_CONSTANT_CONVERSION = YES;
				CLANG_WARN_DEPRECATED_OBJC_IMPLEMENTATIONS = YES;
				CLANG_WARN_DIRECT_OBJC_ISA_USAGE = YES_ERROR;
				CLANG_WARN_DOCUMENTATION_COMMENTS = YES;
				CLANG_WARN_EMPTY_BODY = YES;
				CLANG_WARN_ENUM_CONVERSION = YES;
				CLANG_WARN_INFINITE_RECURSION = YES;
				CLANG_WARN_INT_CONVERSION = YES;
				CLANG_WARN_NON_LITERAL_NULL_CONVERSION = YES;
				CLANG_WARN_OBJC_IMPLICIT_RETAIN_SELF = YES;
				CLANG_WARN_OBJC_LITERAL_CONVERSION = YES;
				CLANG_WARN_OBJC_ROOT_CLASS = YES_ERROR;
				CLANG_WARN_QUOTED_INCLUDE_IN_FRAMEWORK_HEADER = YES;
				CLANG_WARN_RANGE_LOOP_ANALYSIS = YES;
				CLANG_WARN_STRICT_PROTOTYPES = YES;
				CLANG_WARN_SUSPICIOUS_MOVE = YES;
				CLANG_WARN_UNGUARDED_AVAILABILITY = YES_AGGRESSIVE;
				CLANG_WARN_UNREACHABLE_CODE = YES;
				CLANG_WARN__DUPLICATE_METHOD_MATCH = YES;
				COPY_PHASE_STRIP = NO;
				DEBUG_INFORMATION_FORMAT = "dwarf-with-dsym";
				ENABLE_NS_ASSERTIONS = NO;
				ENABLE_STRICT_OBJC_MSGSEND = YES;
				GCC_C_LANGUAGE_STANDARD = gnu11;
				GCC_NO_COMMON_BLOCKS = YES;
				GCC_WARN_64_TO_32_BIT_CONVERSION = YES;
				GCC_WARN_ABOUT_RETURN_TYPE = YES_ERROR;
				GCC_WARN_UNDECLARED_SELECTOR = YES;
				GCC_WARN_UNINITIALIZED_AUTOS = YES_AGGRESSIVE;
				GCC_WARN_UNUSED_FUNCTION = YES;
				GCC_WARN_UNUSED_VARIABLE = YES;
				IPHONEOS_DEPLOYMENT_TARGET = 14.0;
				MTL_ENABLE_DEBUG_INFO = NO;
				MTL_FAST_MATH = YES;
				SDKROOT = iphoneos;
				SWIFT_COMPILATION_MODE = wholemodule;
				SWIFT_OPTIMIZATION_LEVEL = "-O";
				VALIDATE_PRODUCT = YES;
			};
			name = Release;
		};
		3E9F2F5627969CD700DA6883 /* Debug */ = {
			isa = XCBuildConfiguration;
			buildSettings = {
				ASSETCATALOG_COMPILER_APPICON_NAME = AppIcon;
				ASSETCATALOG_COMPILER_GLOBAL_ACCENT_COLOR_NAME = AccentColor;
				CODE_SIGN_STYLE = Automatic;
				DEVELOPMENT_TEAM = E6JQ2JA658;
				INFOPLIST_FILE = Powerapp_reactor/Info.plist;
				LD_RUNPATH_SEARCH_PATHS = (
					"$(inherited)",
					"@executable_path/Frameworks",
				);
				PRODUCT_BUNDLE_IDENTIFIER = "com.koreacenter.Powerapp-reactor";
				PRODUCT_NAME = "$(TARGET_NAME)";
				SWIFT_VERSION = 5.0;
				TARGETED_DEVICE_FAMILY = "1,2";
			};
			name = Debug;
		};
		3E9F2F5727969CD700DA6883 /* Release */ = {
			isa = XCBuildConfiguration;
			buildSettings = {
				ASSETCATALOG_COMPILER_APPICON_NAME = AppIcon;
				ASSETCATALOG_COMPILER_GLOBAL_ACCENT_COLOR_NAME = AccentColor;
				CODE_SIGN_STYLE = Automatic;
				DEVELOPMENT_TEAM = E6JQ2JA658;
				INFOPLIST_FILE = Powerapp_reactor/Info.plist;
				LD_RUNPATH_SEARCH_PATHS = (
					"$(inherited)",
					"@executable_path/Frameworks",
				);
				PRODUCT_BUNDLE_IDENTIFIER = "com.koreacenter.Powerapp-reactor";
				PRODUCT_NAME = "$(TARGET_NAME)";
				SWIFT_VERSION = 5.0;
				TARGETED_DEVICE_FAMILY = "1,2";
			};
			name = Release;
		};
		3E9F2F5927969CD700DA6883 /* Debug */ = {
			isa = XCBuildConfiguration;
			buildSettings = {
				ALWAYS_EMBED_SWIFT_STANDARD_LIBRARIES = YES;
				BUNDLE_LOADER = "$(TEST_HOST)";
				CODE_SIGN_STYLE = Automatic;
				DEVELOPMENT_TEAM = E6JQ2JA658;
				INFOPLIST_FILE = Powerapp_reactorTests/Info.plist;
				IPHONEOS_DEPLOYMENT_TARGET = 14.0;
				LD_RUNPATH_SEARCH_PATHS = (
					"$(inherited)",
					"@executable_path/Frameworks",
					"@loader_path/Frameworks",
				);
				PRODUCT_BUNDLE_IDENTIFIER = "com.koreacenter.Powerapp-reactorTests";
				PRODUCT_NAME = "$(TARGET_NAME)";
				SWIFT_VERSION = 5.0;
				TARGETED_DEVICE_FAMILY = "1,2";
				TEST_HOST = "$(BUILT_PRODUCTS_DIR)/Powerapp_reactor.app/Powerapp_reactor";
			};
			name = Debug;
		};
		3E9F2F5A27969CD700DA6883 /* Release */ = {
			isa = XCBuildConfiguration;
			buildSettings = {
				ALWAYS_EMBED_SWIFT_STANDARD_LIBRARIES = YES;
				BUNDLE_LOADER = "$(TEST_HOST)";
				CODE_SIGN_STYLE = Automatic;
				DEVELOPMENT_TEAM = E6JQ2JA658;
				INFOPLIST_FILE = Powerapp_reactorTests/Info.plist;
				IPHONEOS_DEPLOYMENT_TARGET = 14.0;
				LD_RUNPATH_SEARCH_PATHS = (
					"$(inherited)",
					"@executable_path/Frameworks",
					"@loader_path/Frameworks",
				);
				PRODUCT_BUNDLE_IDENTIFIER = "com.koreacenter.Powerapp-reactorTests";
				PRODUCT_NAME = "$(TARGET_NAME)";
				SWIFT_VERSION = 5.0;
				TARGETED_DEVICE_FAMILY = "1,2";
				TEST_HOST = "$(BUILT_PRODUCTS_DIR)/Powerapp_reactor.app/Powerapp_reactor";
			};
			name = Release;
		};
		3E9F2F5C27969CD700DA6883 /* Debug */ = {
			isa = XCBuildConfiguration;
			buildSettings = {
				ALWAYS_EMBED_SWIFT_STANDARD_LIBRARIES = YES;
				CODE_SIGN_STYLE = Automatic;
				DEVELOPMENT_TEAM = E6JQ2JA658;
				INFOPLIST_FILE = Powerapp_reactorUITests/Info.plist;
				LD_RUNPATH_SEARCH_PATHS = (
					"$(inherited)",
					"@executable_path/Frameworks",
					"@loader_path/Frameworks",
				);
				PRODUCT_BUNDLE_IDENTIFIER = "com.koreacenter.Powerapp-reactorUITests";
				PRODUCT_NAME = "$(TARGET_NAME)";
				SWIFT_VERSION = 5.0;
				TARGETED_DEVICE_FAMILY = "1,2";
				TEST_TARGET_NAME = Powerapp_reactor;
			};
			name = Debug;
		};
		3E9F2F5D27969CD700DA6883 /* Release */ = {
			isa = XCBuildConfiguration;
			buildSettings = {
				ALWAYS_EMBED_SWIFT_STANDARD_LIBRARIES = YES;
				CODE_SIGN_STYLE = Automatic;
				DEVELOPMENT_TEAM = E6JQ2JA658;
				INFOPLIST_FILE = Powerapp_reactorUITests/Info.plist;
				LD_RUNPATH_SEARCH_PATHS = (
					"$(inherited)",
					"@executable_path/Frameworks",
					"@loader_path/Frameworks",
				);
				PRODUCT_BUNDLE_IDENTIFIER = "com.koreacenter.Powerapp-reactorUITests";
				PRODUCT_NAME = "$(TARGET_NAME)";
				SWIFT_VERSION = 5.0;
				TARGETED_DEVICE_FAMILY = "1,2";
				TEST_TARGET_NAME = Powerapp_reactor;
			};
			name = Release;
		};
/* End XCBuildConfiguration section */

/* Begin XCConfigurationList section */
		3E9F2F2327969CD400DA6883 /* Build configuration list for PBXProject "Powerapp_reactor" */ = {
			isa = XCConfigurationList;
			buildConfigurations = (
				3E9F2F5327969CD700DA6883 /* Debug */,
				3E9F2F5427969CD700DA6883 /* Release */,
			);
			defaultConfigurationIsVisible = 0;
			defaultConfigurationName = Release;
		};
		3E9F2F5527969CD700DA6883 /* Build configuration list for PBXNativeTarget "Powerapp_reactor" */ = {
			isa = XCConfigurationList;
			buildConfigurations = (
				3E9F2F5627969CD700DA6883 /* Debug */,
				3E9F2F5727969CD700DA6883 /* Release */,
			);
			defaultConfigurationIsVisible = 0;
			defaultConfigurationName = Release;
		};
		3E9F2F5827969CD700DA6883 /* Build configuration list for PBXNativeTarget "Powerapp_reactorTests" */ = {
			isa = XCConfigurationList;
			buildConfigurations = (
				3E9F2F5927969CD700DA6883 /* Debug */,
				3E9F2F5A27969CD700DA6883 /* Release */,
			);
			defaultConfigurationIsVisible = 0;
			defaultConfigurationName = Release;
		};
		3E9F2F5B27969CD700DA6883 /* Build configuration list for PBXNativeTarget "Powerapp_reactorUITests" */ = {
			isa = XCConfigurationList;
			buildConfigurations = (
				3E9F2F5C27969CD700DA6883 /* Debug */,
				3E9F2F5D27969CD700DA6883 /* Release */,
			);
			defaultConfigurationIsVisible = 0;
			defaultConfigurationName = Release;
		};
/* End XCConfigurationList section */

/* Begin XCVersionGroup section */
		3E9F2F3427969CD400DA6883 /* Powerapp_reactor.xcdatamodeld */ = {
			isa = XCVersionGroup;
			children = (
				3E9F2F3527969CD400DA6883 /* Powerapp_reactor.xcdatamodel */,
			);
			currentVersion = 3E9F2F3527969CD400DA6883 /* Powerapp_reactor.xcdatamodel */;
			path = Powerapp_reactor.xcdatamodeld;
			sourceTree = "<group>";
			versionGroupType = wrapper.xcdatamodel;
		};
/* End XCVersionGroup section */
	};
	rootObject = 3E9F2F2027969CD400DA6883 /* Project object */;
}
